
Microsoft Visual Studio Solution File, Format Version 12.00
# Visual Studio 15
VisualStudioVersion = 15.0.33026.149
MinimumVisualStudioVersion = 10.0.40219.1
Project("{FAE04EC0-301F-11D3-BF4B-00C04F79EFBC}") = "ExercisesPOO3", "ExercisesPOO3\ExercisesPOO3.csproj", "{21C3FE5A-FFCA-45FF-907E-5BD4C3146216}"
EndProject
Global
	GlobalSection(SolutionConfigurationPlatforms) = preSolution
		Debug|Any CPU = Debug|Any CPU
		Release|Any CPU = Release|Any CPU
	EndGlobalSection
	GlobalSection(ProjectConfigurationPlatforms) = postSolution
		{21C3FE5A-FFCA-45FF-907E-5BD4C3146216}.Debug|Any CPU.ActiveCfg = Debug|Any CPU
		{21C3FE5A-FFCA-45FF-907E-5BD4C3146216}.Debug|Any CPU.Build.0 = Debug|Any CPU
		{21C3FE5A-FFCA-45FF-907E-5BD4C3146216}.Release|Any CPU.ActiveCfg = Release|Any CPU
		{21C3FE5A-FFCA-45FF-907E-5BD4C3146216}.Release|Any CPU.Build.0 = Release|Any CPU
	EndGlobalSection
	GlobalSection(SolutionProperties) = preSolution
		HideSolutionNode = FALSE
	EndGlobalSection
	GlobalSection(ExtensibilityGlobals) = postSolution
		SolutionGuid = {3C29770F-6E76-4906-B810-6A607E0DF31A}
	EndGlobalSection
EndGlobal
