
Microsoft Visual Studio Solution File, Format Version 12.00
# Visual Studio 15
VisualStudioVersion = 15.0.33026.149
MinimumVisualStudioVersion = 10.0.40219.1
Project("{FAE04EC0-301F-11D3-BF4B-00C04F79EFBC}") = "Aula02", "Aula02\Aula02.csproj", "{AF9F044F-570A-47A7-B666-3F99A4968EFD}"
EndProject
Global
	GlobalSection(SolutionConfigurationPlatforms) = preSolution
		Debug|Any CPU = Debug|Any CPU
		Release|Any CPU = Release|Any CPU
	EndGlobalSection
	GlobalSection(ProjectConfigurationPlatforms) = postSolution
		{AF9F044F-570A-47A7-B666-3F99A4968EFD}.Debug|Any CPU.ActiveCfg = Debug|Any CPU
		{AF9F044F-570A-47A7-B666-3F99A4968EFD}.Debug|Any CPU.Build.0 = Debug|Any CPU
		{AF9F044F-570A-47A7-B666-3F99A4968EFD}.Release|Any CPU.ActiveCfg = Release|Any CPU
		{AF9F044F-570A-47A7-B666-3F99A4968EFD}.Release|Any CPU.Build.0 = Release|Any CPU
	EndGlobalSection
	GlobalSection(SolutionProperties) = preSolution
		HideSolutionNode = FALSE
	EndGlobalSection
	GlobalSection(ExtensibilityGlobals) = postSolution
		SolutionGuid = {04CA3970-9761-48B8-BD30-F6BBDCA01005}
	EndGlobalSection
EndGlobal
